
Microsoft Visual Studio Solution File, Format Version 12.00
# Visual Studio Version 17
VisualStudioVersion = 17.7.34024.191
MinimumVisualStudioVersion = 10.0.40219.1
Project("{8BC9CEB8-8B4A-11D0-8D11-00A0C91BC942}") = "Lab04_2312282_임다희", "Lab04_2312282_임다희\Lab04_2312282_임다희.vcxproj", "{37727FB6-450B-4217-B72A-8BAC75C44368}"
EndProject
Global
	GlobalSection(SolutionConfigurationPlatforms) = preSolution
		Debug|x64 = Debug|x64
		Debug|x86 = Debug|x86
		Release|x64 = Release|x64
		Release|x86 = Release|x86
	EndGlobalSection
	GlobalSection(ProjectConfigurationPlatforms) = postSolution
		{37727FB6-450B-4217-B72A-8BAC75C44368}.Debug|x64.ActiveCfg = Debug|x64
		{37727FB6-450B-4217-B72A-8BAC75C44368}.Debug|x64.Build.0 = Debug|x64
		{37727FB6-450B-4217-B72A-8BAC75C44368}.Debug|x86.ActiveCfg = Debug|Win32
		{37727FB6-450B-4217-B72A-8BAC75C44368}.Debug|x86.Build.0 = Debug|Win32
		{37727FB6-450B-4217-B72A-8BAC75C44368}.Release|x64.ActiveCfg = Release|x64
		{37727FB6-450B-4217-B72A-8BAC75C44368}.Release|x64.Build.0 = Release|x64
		{37727FB6-450B-4217-B72A-8BAC75C44368}.Release|x86.ActiveCfg = Release|Win32
		{37727FB6-450B-4217-B72A-8BAC75C44368}.Release|x86.Build.0 = Release|Win32
	EndGlobalSection
	GlobalSection(SolutionProperties) = preSolution
		HideSolutionNode = FALSE
	EndGlobalSection
	GlobalSection(ExtensibilityGlobals) = postSolution
		SolutionGuid = {F33ECDA1-A1AC-46E0-BEC8-DC1BFE3F8BDA}
	EndGlobalSection
EndGlobal
